
Microsoft Visual Studio Solution File, Format Version 12.00
# Visual Studio Version 17
VisualStudioVersion = 17.3.32922.545
MinimumVisualStudioVersion = 10.0.40219.1
Project("{FAE04EC0-301F-11D3-BF4B-00C04F79EFBC}") = "2023P3APages1", "2023P3APages1.csproj", "{B768AC25-D469-4E3E-AC36-7C6EB2AE1015}"
EndProject
Global
	GlobalSection(SolutionConfigurationPlatforms) = preSolution
		Debug|Any CPU = Debug|Any CPU
		Release|Any CPU = Release|Any CPU
	EndGlobalSection
	GlobalSection(ProjectConfigurationPlatforms) = postSolution
		{B768AC25-D469-4E3E-AC36-7C6EB2AE1015}.Debug|Any CPU.ActiveCfg = Debug|Any CPU
		{B768AC25-D469-4E3E-AC36-7C6EB2AE1015}.Debug|Any CPU.Build.0 = Debug|Any CPU
		{B768AC25-D469-4E3E-AC36-7C6EB2AE1015}.Release|Any CPU.ActiveCfg = Release|Any CPU
		{B768AC25-D469-4E3E-AC36-7C6EB2AE1015}.Release|Any CPU.Build.0 = Release|Any CPU
	EndGlobalSection
	GlobalSection(SolutionProperties) = preSolution
		HideSolutionNode = FALSE
	EndGlobalSection
	GlobalSection(ExtensibilityGlobals) = postSolution
		SolutionGuid = {578AD141-3E29-4BEC-9CBE-E4EA73600483}
	EndGlobalSection
EndGlobal
